<?xml version="1.0" encoding="utf-8"?>
<Project ToolsVersion="4.0" xmlns="http://schemas.microsoft.com/developer/msbuild/2003">
  <ItemGroup>
    <Filter Include="Doom">
      <UniqueIdentifier>{c3363280-c58f-49d0-95c0-eb5e3fecb552}</UniqueIdentifier>
    </Filter>
  </ItemGroup>
  <ItemGroup>
    <ClCompile Include="doom\am_map.cpp">
      <Filter>Doom</Filter>
    </ClCompile>
    <ClCompile Include="doom\d_items.cpp">
      <Filter>Doom</Filter>
    </ClCompile>
    <ClCompile Include="doom\d_main.cpp">
      <Filter>Doom</Filter>
    </ClCompile>
    <ClCompile Include="doom\d_net.cpp">
      <Filter>Doom</Filter>
    </ClCompile>
    <ClCompile Include="doom\doominterface.cpp">
      <Filter>Doom</Filter>
    </ClCompile>
    <ClCompile Include="doom\doomlib.cpp">
      <Filter>Doom</Filter>
    </ClCompile>
    <ClCompile Include="doom\dstrings.cpp">
      <Filter>Doom</Filter>
    </ClCompile>
    <ClCompile Include="doom\f_finale.cpp">
      <Filter>Doom</Filter>
    </ClCompile>
    <ClCompile Include="doom\f_wipe.cpp">
      <Filter>Doom</Filter>
    </ClCompile>
    <ClCompile Include="doom\g_game.cpp">
      <Filter>Doom</Filter>
    </ClCompile>
    <ClCompile Include="doom\globaldata.cpp">
      <Filter>Doom</Filter>
    </ClCompile>
    <ClCompile Include="doom\hu_lib.cpp">
      <Filter>Doom</Filter>
    </ClCompile>
    <ClCompile Include="doom\hu_stuff.cpp">
      <Filter>Doom</Filter>
    </ClCompile>
    <ClCompile Include="doom\i_input.cpp">
      <Filter>Doom</Filter>
    </ClCompile>
    <ClCompile Include="doom\i_system.cpp">
      <Filter>Doom</Filter>
    </ClCompile>
    <ClCompile Include="doom\i_video_ps3.cpp">
      <Filter>Doom</Filter>
    </ClCompile>
    <ClCompile Include="doom\info.cpp">
      <Filter>Doom</Filter>
    </ClCompile>
    <ClCompile Include="doom\m_argv.cpp">
      <Filter>Doom</Filter>
    </ClCompile>
    <ClCompile Include="doom\m_bbox.cpp">
      <Filter>Doom</Filter>
    </ClCompile>
    <ClCompile Include="doom\m_cheat.cpp">
      <Filter>Doom</Filter>
    </ClCompile>
    <ClCompile Include="doom\m_fixed.cpp">
      <Filter>Doom</Filter>
    </ClCompile>
    <ClCompile Include="doom\m_menu.cpp">
      <Filter>Doom</Filter>
    </ClCompile>
    <ClCompile Include="doom\m_misc.cpp">
      <Filter>Doom</Filter>
    </ClCompile>
    <ClCompile Include="doom\m_random.cpp">
      <Filter>Doom</Filter>
    </ClCompile>
    <ClCompile Include="doom\mus2midi.cpp">
      <Filter>Doom</Filter>
    </ClCompile>
    <ClCompile Include="doom\p_ceilng.cpp">
      <Filter>Doom</Filter>
    </ClCompile>
    <ClCompile Include="doom\p_doors.cpp">
      <Filter>Doom</Filter>
    </ClCompile>
    <ClCompile Include="doom\p_enemy.cpp">
      <Filter>Doom</Filter>
    </ClCompile>
    <ClCompile Include="doom\p_floor.cpp">
      <Filter>Doom</Filter>
    </ClCompile>
    <ClCompile Include="doom\p_inter.cpp">
      <Filter>Doom</Filter>
    </ClCompile>
    <ClCompile Include="doom\p_lights.cpp">
      <Filter>Doom</Filter>
    </ClCompile>
    <ClCompile Include="doom\p_map.cpp">
      <Filter>Doom</Filter>
    </ClCompile>
    <ClCompile Include="doom\p_maputl.cpp">
      <Filter>Doom</Filter>
    </ClCompile>
    <ClCompile Include="doom\p_mobj.cpp">
      <Filter>Doom</Filter>
    </ClCompile>
    <ClCompile Include="doom\p_plats.cpp">
      <Filter>Doom</Filter>
    </ClCompile>
    <ClCompile Include="doom\p_pspr.cpp">
      <Filter>Doom</Filter>
    </ClCompile>
    <ClCompile Include="doom\p_saveg.cpp">
      <Filter>Doom</Filter>
    </ClCompile>
    <ClCompile Include="doom\p_setup.cpp">
      <Filter>Doom</Filter>
    </ClCompile>
    <ClCompile Include="doom\p_sight.cpp">
      <Filter>Doom</Filter>
    </ClCompile>
    <ClCompile Include="doom\p_spec.cpp">
      <Filter>Doom</Filter>
    </ClCompile>
    <ClCompile Include="doom\p_switch.cpp">
      <Filter>Doom</Filter>
    </ClCompile>
    <ClCompile Include="doom\p_telept.cpp">
      <Filter>Doom</Filter>
    </ClCompile>
    <ClCompile Include="doom\p_tick.cpp">
      <Filter>Doom</Filter>
    </ClCompile>
    <ClCompile Include="doom\p_user.cpp">
      <Filter>Doom</Filter>
    </ClCompile>
    <ClCompile Include="doom\r_bsp.cpp">
      <Filter>Doom</Filter>
    </ClCompile>
    <ClCompile Include="doom\r_data.cpp">
      <Filter>Doom</Filter>
    </ClCompile>
    <ClCompile Include="doom\r_draw.cpp">
      <Filter>Doom</Filter>
    </ClCompile>
    <ClCompile Include="doom\r_main.cpp">
      <Filter>Doom</Filter>
    </ClCompile>
    <ClCompile Include="doom\r_plane.cpp">
      <Filter>Doom</Filter>
    </ClCompile>
    <ClCompile Include="doom\r_segs.cpp">
      <Filter>Doom</Filter>
    </ClCompile>
    <ClCompile Include="doom\r_sky.cpp">
      <Filter>Doom</Filter>
    </ClCompile>
    <ClCompile Include="doom\r_things.cpp">
      <Filter>Doom</Filter>
    </ClCompile>
    <ClCompile Include="doom\s_sound.cpp">
      <Filter>Doom</Filter>
    </ClCompile>
    <ClCompile Include="doom\sounds.cpp">
      <Filter>Doom</Filter>
    </ClCompile>
    <ClCompile Include="doom\st_lib.cpp">
      <Filter>Doom</Filter>
    </ClCompile>
    <ClCompile Include="doom\st_stuff.cpp">
      <Filter>Doom</Filter>
    </ClCompile>
    <ClCompile Include="doom\tables.cpp">
      <Filter>Doom</Filter>
    </ClCompile>
    <ClCompile Include="doom\v_video.cpp">
      <Filter>Doom</Filter>
    </ClCompile>
    <ClCompile Include="doom\w_wad.cpp">
      <Filter>Doom</Filter>
    </ClCompile>
    <ClCompile Include="doom\wi_stuff.cpp">
      <Filter>Doom</Filter>
    </ClCompile>
    <ClCompile Include="doom\z_zone.cpp">
      <Filter>Doom</Filter>
    </ClCompile>
    <ClCompile Include="doom\i_net_win32.cpp">
      <Filter>Doom</Filter>
    </ClCompile>
    <ClCompile Include="doom\i_sound_win32.cpp">
      <Filter>Doom</Filter>
    </ClCompile>
  </ItemGroup>
  <ItemGroup>
    <ClInclude Include="doom\am_map.h">
      <Filter>Doom</Filter>
    </ClInclude>
    <ClInclude Include="doom\constructs.h">
      <Filter>Doom</Filter>
    </ClInclude>
    <ClInclude Include="doom\d_englsh.h">
      <Filter>Doom</Filter>
    </ClInclude>
    <ClInclude Include="doom\d_event.h">
      <Filter>Doom</Filter>
    </ClInclude>
    <ClInclude Include="doom\d_french.h">
      <Filter>Doom</Filter>
    </ClInclude>
    <ClInclude Include="doom\d_items.h">
      <Filter>Doom</Filter>
    </ClInclude>
    <ClInclude Include="doom\d_main.h">
      <Filter>Doom</Filter>
    </ClInclude>
    <ClInclude Include="doom\d_net.h">
      <Filter>Doom</Filter>
    </ClInclude>
    <ClInclude Include="doom\d_player.h">
      <Filter>Doom</Filter>
    </ClInclude>
    <ClInclude Include="doom\d_textur.h">
      <Filter>Doom</Filter>
    </ClInclude>
    <ClInclude Include="doom\d_think.h">
      <Filter>Doom</Filter>
    </ClInclude>
    <ClInclude Include="doom\d_ticcmd.h">
      <Filter>Doom</Filter>
    </ClInclude>
    <ClInclude Include="doom\defs.h">
      <Filter>Doom</Filter>
    </ClInclude>
    <ClInclude Include="doom\doomdata.h">
      <Filter>Doom</Filter>
    </ClInclude>
    <ClInclude Include="doom\doomdef.h">
      <Filter>Doom</Filter>
    </ClInclude>
    <ClInclude Include="doom\doominterface.h">
      <Filter>Doom</Filter>
    </ClInclude>
    <ClInclude Include="doom\doomlib.h">
      <Filter>Doom</Filter>
    </ClInclude>
    <ClInclude Include="doom\doomstat.h">
      <Filter>Doom</Filter>
    </ClInclude>
    <ClInclude Include="doom\doomtype.h">
      <Filter>Doom</Filter>
    </ClInclude>
    <ClInclude Include="doom\dstrings.h">
      <Filter>Doom</Filter>
    </ClInclude>
    <ClInclude Include="doom\f_finale.h">
      <Filter>Doom</Filter>
    </ClInclude>
    <ClInclude Include="doom\f_wipe.h">
      <Filter>Doom</Filter>
    </ClInclude>
    <ClInclude Include="doom\g_game.h">
      <Filter>Doom</Filter>
    </ClInclude>
    <ClInclude Include="doom\globaldata.h">
      <Filter>Doom</Filter>
    </ClInclude>
    <ClInclude Include="doom\hu_lib.h">
      <Filter>Doom</Filter>
    </ClInclude>
    <ClInclude Include="doom\hu_stuff.h">
      <Filter>Doom</Filter>
    </ClInclude>
    <ClInclude Include="doom\i_net.h">
      <Filter>Doom</Filter>
    </ClInclude>
    <ClInclude Include="doom\i_sound.h">
      <Filter>Doom</Filter>
    </ClInclude>
    <ClInclude Include="doom\i_system.h">
      <Filter>Doom</Filter>
    </ClInclude>
    <ClInclude Include="doom\i_video.h">
      <Filter>Doom</Filter>
    </ClInclude>
    <ClInclude Include="doom\info.h">
      <Filter>Doom</Filter>
    </ClInclude>
    <ClInclude Include="doom\m_argv.h">
      <Filter>Doom</Filter>
    </ClInclude>
    <ClInclude Include="doom\m_bbox.h">
      <Filter>Doom</Filter>
    </ClInclude>
    <ClInclude Include="doom\m_cheat.h">
      <Filter>Doom</Filter>
    </ClInclude>
    <ClInclude Include="doom\m_fixed.h">
      <Filter>Doom</Filter>
    </ClInclude>
    <ClInclude Include="doom\m_menu.h">
      <Filter>Doom</Filter>
    </ClInclude>
    <ClInclude Include="doom\m_misc.h">
      <Filter>Doom</Filter>
    </ClInclude>
    <ClInclude Include="doom\m_random.h">
      <Filter>Doom</Filter>
    </ClInclude>
    <ClInclude Include="doom\m_swap.h">
      <Filter>Doom</Filter>
    </ClInclude>
    <ClInclude Include="doom\p_inter.h">
      <Filter>Doom</Filter>
    </ClInclude>
    <ClInclude Include="doom\p_local.h">
      <Filter>Doom</Filter>
    </ClInclude>
    <ClInclude Include="doom\p_mobj.h">
      <Filter>Doom</Filter>
    </ClInclude>
    <ClInclude Include="doom\p_pspr.h">
      <Filter>Doom</Filter>
    </ClInclude>
    <ClInclude Include="doom\p_saveg.h">
      <Filter>Doom</Filter>
    </ClInclude>
    <ClInclude Include="doom\p_setup.h">
      <Filter>Doom</Filter>
    </ClInclude>
    <ClInclude Include="doom\p_spec.h">
      <Filter>Doom</Filter>
    </ClInclude>
    <ClInclude Include="doom\p_tick.h">
      <Filter>Doom</Filter>
    </ClInclude>
    <ClInclude Include="doom\r_bsp.h">
      <Filter>Doom</Filter>
    </ClInclude>
    <ClInclude Include="doom\r_data.h">
      <Filter>Doom</Filter>
    </ClInclude>
    <ClInclude Include="doom\r_defs.h">
      <Filter>Doom</Filter>
    </ClInclude>
    <ClInclude Include="doom\r_draw.h">
      <Filter>Doom</Filter>
    </ClInclude>
    <ClInclude Include="doom\r_local.h">
      <Filter>Doom</Filter>
    </ClInclude>
    <ClInclude Include="doom\r_main.h">
      <Filter>Doom</Filter>
    </ClInclude>
    <ClInclude Include="doom\r_plane.h">
      <Filter>Doom</Filter>
    </ClInclude>
    <ClInclude Include="doom\r_segs.h">
      <Filter>Doom</Filter>
    </ClInclude>
    <ClInclude Include="doom\r_sky.h">
      <Filter>Doom</Filter>
    </ClInclude>
    <ClInclude Include="doom\r_state.h">
      <Filter>Doom</Filter>
    </ClInclude>
    <ClInclude Include="doom\r_things.h">
      <Filter>Doom</Filter>
    </ClInclude>
    <ClInclude Include="doom\s_sound.h">
      <Filter>Doom</Filter>
    </ClInclude>
    <ClInclude Include="doom\sounds.h">
      <Filter>Doom</Filter>
    </ClInclude>
    <ClInclude Include="doom\st_lib.h">
      <Filter>Doom</Filter>
    </ClInclude>
    <ClInclude Include="doom\st_stuff.h">
      <Filter>Doom</Filter>
    </ClInclude>
    <ClInclude Include="doom\structs.h">
      <Filter>Doom</Filter>
    </ClInclude>
    <ClInclude Include="doom\tables.h">
      <Filter>Doom</Filter>
    </ClInclude>
    <ClInclude Include="doom\typedefs.h">
      <Filter>Doom</Filter>
    </ClInclude>
    <ClInclude Include="doom\v_video.h">
      <Filter>Doom</Filter>
    </ClInclude>
    <ClInclude Include="doom\vars.h">
      <Filter>Doom</Filter>
    </ClInclude>
    <ClInclude Include="doom\w_wad.h">
      <Filter>Doom</Filter>
    </ClInclude>
    <ClInclude Include="doom\wi_stuff.h">
      <Filter>Doom</Filter>
    </ClInclude>
    <ClInclude Include="doom\z_zone.h">
      <Filter>Doom</Filter>
    </ClInclude>
  </ItemGroup>
</Project>