<?xml version="1.0" encoding="utf-8"?>
<Project ToolsVersion="4.0" xmlns="http://schemas.microsoft.com/developer/msbuild/2003">
  <ItemGroup>
    <Filter Include="jpeg-6">
      <UniqueIdentifier>{be59fb10-0a86-4e8d-a0e3-f6029f24da5d}</UniqueIdentifier>
    </Filter>
    <Filter Include="zlib">
      <UniqueIdentifier>{2d5b407e-8075-4eda-b4d1-1327db0580c6}</UniqueIdentifier>
    </Filter>
  </ItemGroup>
  <ItemGroup>
    <ClCompile Include="renderer\jpeg-6\jcapimin.cpp">
      <Filter>jpeg-6</Filter>
    </ClCompile>
    <ClCompile Include="renderer\jpeg-6\jccoefct.cpp">
      <Filter>jpeg-6</Filter>
    </ClCompile>
    <ClCompile Include="renderer\jpeg-6\jccolor.cpp">
      <Filter>jpeg-6</Filter>
    </ClCompile>
    <ClCompile Include="renderer\jpeg-6\jcdctmgr.cpp">
      <Filter>jpeg-6</Filter>
    </ClCompile>
    <ClCompile Include="renderer\jpeg-6\jchuff.cpp">
      <Filter>jpeg-6</Filter>
    </ClCompile>
    <ClCompile Include="renderer\jpeg-6\jcinit.cpp">
      <Filter>jpeg-6</Filter>
    </ClCompile>
    <ClCompile Include="renderer\jpeg-6\jcmainct.cpp">
      <Filter>jpeg-6</Filter>
    </ClCompile>
    <ClCompile Include="renderer\jpeg-6\jcmarker.cpp">
      <Filter>jpeg-6</Filter>
    </ClCompile>
    <ClCompile Include="renderer\jpeg-6\jcmaster.cpp">
      <Filter>jpeg-6</Filter>
    </ClCompile>
    <ClCompile Include="renderer\jpeg-6\jcomapi.cpp">
      <Filter>jpeg-6</Filter>
    </ClCompile>
    <ClCompile Include="renderer\jpeg-6\jcparam.cpp">
      <Filter>jpeg-6</Filter>
    </ClCompile>
    <ClCompile Include="renderer\jpeg-6\jcphuff.cpp">
      <Filter>jpeg-6</Filter>
    </ClCompile>
    <ClCompile Include="renderer\jpeg-6\jcprepct.cpp">
      <Filter>jpeg-6</Filter>
    </ClCompile>
    <ClCompile Include="renderer\jpeg-6\jcsample.cpp">
      <Filter>jpeg-6</Filter>
    </ClCompile>
    <ClCompile Include="renderer\jpeg-6\jdapimin.cpp">
      <Filter>jpeg-6</Filter>
    </ClCompile>
    <ClCompile Include="renderer\jpeg-6\jdapistd.cpp">
      <Filter>jpeg-6</Filter>
    </ClCompile>
    <ClCompile Include="renderer\jpeg-6\jdatadst.cpp">
      <Filter>jpeg-6</Filter>
    </ClCompile>
    <ClCompile Include="renderer\jpeg-6\jdatasrc.cpp">
      <Filter>jpeg-6</Filter>
    </ClCompile>
    <ClCompile Include="renderer\jpeg-6\jdcoefct.cpp">
      <Filter>jpeg-6</Filter>
    </ClCompile>
    <ClCompile Include="renderer\jpeg-6\jdcolor.cpp">
      <Filter>jpeg-6</Filter>
    </ClCompile>
    <ClCompile Include="renderer\jpeg-6\jddctmgr.cpp">
      <Filter>jpeg-6</Filter>
    </ClCompile>
    <ClCompile Include="renderer\jpeg-6\jdhuff.cpp">
      <Filter>jpeg-6</Filter>
    </ClCompile>
    <ClCompile Include="renderer\jpeg-6\jdinput.cpp">
      <Filter>jpeg-6</Filter>
    </ClCompile>
    <ClCompile Include="renderer\jpeg-6\jdmainct.cpp">
      <Filter>jpeg-6</Filter>
    </ClCompile>
    <ClCompile Include="renderer\jpeg-6\jdmarker.cpp">
      <Filter>jpeg-6</Filter>
    </ClCompile>
    <ClCompile Include="renderer\jpeg-6\jdmaster.cpp">
      <Filter>jpeg-6</Filter>
    </ClCompile>
    <ClCompile Include="renderer\jpeg-6\jdmerge.cpp">
      <Filter>jpeg-6</Filter>
    </ClCompile>
    <ClCompile Include="renderer\jpeg-6\jdphuff.cpp">
      <Filter>jpeg-6</Filter>
    </ClCompile>
    <ClCompile Include="renderer\jpeg-6\jdpostct.cpp">
      <Filter>jpeg-6</Filter>
    </ClCompile>
    <ClCompile Include="renderer\jpeg-6\jdsample.cpp">
      <Filter>jpeg-6</Filter>
    </ClCompile>
    <ClCompile Include="renderer\jpeg-6\jdtrans.cpp">
      <Filter>jpeg-6</Filter>
    </ClCompile>
    <ClCompile Include="renderer\jpeg-6\jerror.cpp">
      <Filter>jpeg-6</Filter>
    </ClCompile>
    <ClCompile Include="renderer\jpeg-6\jfdctflt.cpp">
      <Filter>jpeg-6</Filter>
    </ClCompile>
    <ClCompile Include="renderer\jpeg-6\jfdctfst.cpp">
      <Filter>jpeg-6</Filter>
    </ClCompile>
    <ClCompile Include="renderer\jpeg-6\jfdctint.cpp">
      <Filter>jpeg-6</Filter>
    </ClCompile>
    <ClCompile Include="renderer\jpeg-6\jidctflt.cpp">
      <Filter>jpeg-6</Filter>
    </ClCompile>
    <ClCompile Include="renderer\jpeg-6\jidctfst.cpp">
      <Filter>jpeg-6</Filter>
    </ClCompile>
    <ClCompile Include="renderer\jpeg-6\jidctint.cpp">
      <Filter>jpeg-6</Filter>
    </ClCompile>
    <ClCompile Include="renderer\jpeg-6\jidctred.cpp">
      <Filter>jpeg-6</Filter>
    </ClCompile>
    <ClCompile Include="renderer\jpeg-6\jmemmgr.cpp">
      <Filter>jpeg-6</Filter>
    </ClCompile>
    <ClCompile Include="renderer\jpeg-6\jmemnobs.cpp">
      <Filter>jpeg-6</Filter>
    </ClCompile>
    <ClCompile Include="renderer\jpeg-6\jquant1.cpp">
      <Filter>jpeg-6</Filter>
    </ClCompile>
    <ClCompile Include="renderer\jpeg-6\jquant2.cpp">
      <Filter>jpeg-6</Filter>
    </ClCompile>
    <ClCompile Include="renderer\jpeg-6\jutils.cpp">
      <Filter>jpeg-6</Filter>
    </ClCompile>
    <ClCompile Include="framework\zlib\adler32.c">
      <Filter>zlib</Filter>
    </ClCompile>
    <ClCompile Include="framework\zlib\compress.c">
      <Filter>zlib</Filter>
    </ClCompile>
    <ClCompile Include="framework\zlib\crc32.c">
      <Filter>zlib</Filter>
    </ClCompile>
    <ClCompile Include="framework\zlib\deflate.c">
      <Filter>zlib</Filter>
    </ClCompile>
    <ClCompile Include="framework\zlib\gzio.c">
      <Filter>zlib</Filter>
    </ClCompile>
    <ClCompile Include="framework\zlib\infback.c">
      <Filter>zlib</Filter>
    </ClCompile>
    <ClCompile Include="framework\zlib\inffast.c">
      <Filter>zlib</Filter>
    </ClCompile>
    <ClCompile Include="framework\zlib\inflate.c">
      <Filter>zlib</Filter>
    </ClCompile>
    <ClCompile Include="framework\zlib\inftrees.c">
      <Filter>zlib</Filter>
    </ClCompile>
    <ClCompile Include="framework\zlib\trees.c">
      <Filter>zlib</Filter>
    </ClCompile>
    <ClCompile Include="framework\zlib\uncompr.c">
      <Filter>zlib</Filter>
    </ClCompile>
    <ClCompile Include="framework\zlib\zutil.c">
      <Filter>zlib</Filter>
    </ClCompile>
  </ItemGroup>
  <ItemGroup>
    <ClInclude Include="renderer\jpeg-6\jchuff.h">
      <Filter>jpeg-6</Filter>
    </ClInclude>
    <ClInclude Include="renderer\jpeg-6\jconfig.h">
      <Filter>jpeg-6</Filter>
    </ClInclude>
    <ClInclude Include="renderer\jpeg-6\jdct.h">
      <Filter>jpeg-6</Filter>
    </ClInclude>
    <ClInclude Include="renderer\jpeg-6\jdhuff.h">
      <Filter>jpeg-6</Filter>
    </ClInclude>
    <ClInclude Include="renderer\jpeg-6\jerror.h">
      <Filter>jpeg-6</Filter>
    </ClInclude>
    <ClInclude Include="renderer\jpeg-6\jinclude.h">
      <Filter>jpeg-6</Filter>
    </ClInclude>
    <ClInclude Include="renderer\jpeg-6\jmemsys.h">
      <Filter>jpeg-6</Filter>
    </ClInclude>
    <ClInclude Include="renderer\jpeg-6\jmorecfg.h">
      <Filter>jpeg-6</Filter>
    </ClInclude>
    <ClInclude Include="renderer\jpeg-6\jpegint.h">
      <Filter>jpeg-6</Filter>
    </ClInclude>
    <ClInclude Include="renderer\jpeg-6\jpeglib.h">
      <Filter>jpeg-6</Filter>
    </ClInclude>
    <ClInclude Include="renderer\jpeg-6\jversion.h">
      <Filter>jpeg-6</Filter>
    </ClInclude>
  </ItemGroup>
</Project>