<?xml version="1.0" encoding="utf-8"?>
<Project ToolsVersion="4.0" xmlns="http://schemas.microsoft.com/developer/msbuild/2003">
  <ItemGroup>
    <Filter Include="AI">
      <UniqueIdentifier>{cbe3b616-1879-4177-ab0b-ef9dd6e1c344}</UniqueIdentifier>
    </Filter>
    <Filter Include="Animation">
      <UniqueIdentifier>{f1a55916-cc4e-4c52-8097-90f53ec0e5ef}</UniqueIdentifier>
    </Filter>
    <Filter Include="GameSys">
      <UniqueIdentifier>{65cd4d56-59f1-4e72-af98-074176b18454}</UniqueIdentifier>
    </Filter>
    <Filter Include="Physics">
      <UniqueIdentifier>{1cd6b287-0c8b-4445-b5a0-4e3068f8b3fe}</UniqueIdentifier>
    </Filter>
    <Filter Include="Script">
      <UniqueIdentifier>{2024018a-67e2-4afd-8499-38ccbe8fc1aa}</UniqueIdentifier>
    </Filter>
    <Filter Include="Menus">
      <UniqueIdentifier>{1549e84e-5718-4759-a11d-416cc73ac087}</UniqueIdentifier>
    </Filter>
  </ItemGroup>
  <ItemGroup>
    <ClCompile Include="d3xp\ai\AAS.cpp">
      <Filter>AI</Filter>
    </ClCompile>
    <ClCompile Include="d3xp\ai\AAS_debug.cpp">
      <Filter>AI</Filter>
    </ClCompile>
    <ClCompile Include="d3xp\ai\AAS_pathing.cpp">
      <Filter>AI</Filter>
    </ClCompile>
    <ClCompile Include="d3xp\ai\AAS_routing.cpp">
      <Filter>AI</Filter>
    </ClCompile>
    <ClCompile Include="d3xp\ai\AI.cpp">
      <Filter>AI</Filter>
    </ClCompile>
    <ClCompile Include="d3xp\ai\AI_events.cpp">
      <Filter>AI</Filter>
    </ClCompile>
    <ClCompile Include="d3xp\ai\AI_pathing.cpp">
      <Filter>AI</Filter>
    </ClCompile>
    <ClCompile Include="d3xp\ai\AI_Vagary.cpp">
      <Filter>AI</Filter>
    </ClCompile>
    <ClCompile Include="d3xp\anim\Anim.cpp">
      <Filter>Animation</Filter>
    </ClCompile>
    <ClCompile Include="d3xp\anim\Anim_Blend.cpp">
      <Filter>Animation</Filter>
    </ClCompile>
    <ClCompile Include="d3xp\anim\Anim_Testmodel.cpp">
      <Filter>Animation</Filter>
    </ClCompile>
    <ClCompile Include="d3xp\gamesys\Class.cpp">
      <Filter>GameSys</Filter>
    </ClCompile>
    <ClCompile Include="d3xp\gamesys\Event.cpp">
      <Filter>GameSys</Filter>
    </ClCompile>
    <ClCompile Include="d3xp\gamesys\SaveGame.cpp">
      <Filter>GameSys</Filter>
    </ClCompile>
    <ClCompile Include="d3xp\gamesys\SysCmds.cpp">
      <Filter>GameSys</Filter>
    </ClCompile>
    <ClCompile Include="d3xp\gamesys\SysCvar.cpp">
      <Filter>GameSys</Filter>
    </ClCompile>
    <ClCompile Include="d3xp\physics\Clip.cpp">
      <Filter>Physics</Filter>
    </ClCompile>
    <ClCompile Include="d3xp\physics\Force.cpp">
      <Filter>Physics</Filter>
    </ClCompile>
    <ClCompile Include="d3xp\physics\Force_Constant.cpp">
      <Filter>Physics</Filter>
    </ClCompile>
    <ClCompile Include="d3xp\physics\Force_Drag.cpp">
      <Filter>Physics</Filter>
    </ClCompile>
    <ClCompile Include="d3xp\physics\Force_Field.cpp">
      <Filter>Physics</Filter>
    </ClCompile>
    <ClCompile Include="d3xp\physics\Force_Grab.cpp">
      <Filter>Physics</Filter>
    </ClCompile>
    <ClCompile Include="d3xp\physics\Force_Spring.cpp">
      <Filter>Physics</Filter>
    </ClCompile>
    <ClCompile Include="d3xp\physics\Physics.cpp">
      <Filter>Physics</Filter>
    </ClCompile>
    <ClCompile Include="d3xp\physics\Physics_Actor.cpp">
      <Filter>Physics</Filter>
    </ClCompile>
    <ClCompile Include="d3xp\physics\Physics_AF.cpp">
      <Filter>Physics</Filter>
    </ClCompile>
    <ClCompile Include="d3xp\physics\Physics_Base.cpp">
      <Filter>Physics</Filter>
    </ClCompile>
    <ClCompile Include="d3xp\physics\Physics_Monster.cpp">
      <Filter>Physics</Filter>
    </ClCompile>
    <ClCompile Include="d3xp\physics\Physics_Parametric.cpp">
      <Filter>Physics</Filter>
    </ClCompile>
    <ClCompile Include="d3xp\physics\Physics_Player.cpp">
      <Filter>Physics</Filter>
    </ClCompile>
    <ClCompile Include="d3xp\physics\Physics_RigidBody.cpp">
      <Filter>Physics</Filter>
    </ClCompile>
    <ClCompile Include="d3xp\physics\Physics_Static.cpp">
      <Filter>Physics</Filter>
    </ClCompile>
    <ClCompile Include="d3xp\physics\Physics_StaticMulti.cpp">
      <Filter>Physics</Filter>
    </ClCompile>
    <ClCompile Include="d3xp\physics\Push.cpp">
      <Filter>Physics</Filter>
    </ClCompile>
    <ClCompile Include="d3xp\script\Script_Compiler.cpp">
      <Filter>Script</Filter>
    </ClCompile>
    <ClCompile Include="d3xp\script\Script_Interpreter.cpp">
      <Filter>Script</Filter>
    </ClCompile>
    <ClCompile Include="d3xp\script\Script_Program.cpp">
      <Filter>Script</Filter>
    </ClCompile>
    <ClCompile Include="d3xp\script\Script_Thread.cpp">
      <Filter>Script</Filter>
    </ClCompile>
    <ClCompile Include="d3xp\Actor.cpp" />
    <ClCompile Include="d3xp\AF.cpp" />
    <ClCompile Include="d3xp\AFEntity.cpp" />
    <ClCompile Include="d3xp\BrittleFracture.cpp" />
    <ClCompile Include="d3xp\Camera.cpp" />
    <ClCompile Include="d3xp\Entity.cpp" />
    <ClCompile Include="d3xp\Fx.cpp" />
    <ClCompile Include="d3xp\Game_local.cpp" />
    <ClCompile Include="d3xp\Game_network.cpp" />
    <ClCompile Include="d3xp\GameEdit.cpp" />
    <ClCompile Include="d3xp\Grabber.cpp" />
    <ClCompile Include="d3xp\IK.cpp" />
    <ClCompile Include="d3xp\Item.cpp" />
    <ClCompile Include="d3xp\Light.cpp" />
    <ClCompile Include="d3xp\Misc.cpp" />
    <ClCompile Include="d3xp\Moveable.cpp" />
    <ClCompile Include="d3xp\Mover.cpp" />
    <ClCompile Include="d3xp\MultiplayerGame.cpp" />
    <ClCompile Include="d3xp\Player.cpp" />
    <ClCompile Include="d3xp\PlayerIcon.cpp" />
    <ClCompile Include="d3xp\PlayerView.cpp" />
    <ClCompile Include="d3xp\Projectile.cpp" />
    <ClCompile Include="d3xp\Pvs.cpp" />
    <ClCompile Include="d3xp\SecurityCamera.cpp" />
    <ClCompile Include="d3xp\SmokeParticles.cpp" />
    <ClCompile Include="d3xp\Sound.cpp" />
    <ClCompile Include="d3xp\Target.cpp" />
    <ClCompile Include="d3xp\Trigger.cpp" />
    <ClCompile Include="d3xp\Weapon.cpp" />
    <ClCompile Include="d3xp\WorldSpawn.cpp" />
    <ClCompile Include="d3xp\Achievements.cpp" />
    <ClCompile Include="d3xp\AimAssist.cpp" />
    <ClCompile Include="d3xp\Leaderboards.cpp" />
    <ClCompile Include="d3xp\menus\MenuHandler.cpp">
      <Filter>Menus</Filter>
    </ClCompile>
    <ClCompile Include="d3xp\menus\MenuHandler_PDA.cpp">
      <Filter>Menus</Filter>
    </ClCompile>
    <ClCompile Include="d3xp\menus\MenuHandler_Shell.cpp">
      <Filter>Menus</Filter>
    </ClCompile>
    <ClCompile Include="d3xp\menus\MenuScreen.cpp">
      <Filter>Menus</Filter>
    </ClCompile>
    <ClCompile Include="d3xp\menus\MenuScreen_PDA_Inventory.cpp">
      <Filter>Menus</Filter>
    </ClCompile>
    <ClCompile Include="d3xp\menus\MenuScreen_PDA_UserData.cpp">
      <Filter>Menus</Filter>
    </ClCompile>
    <ClCompile Include="d3xp\menus\MenuScreen_PDA_UserEmails.cpp">
      <Filter>Menus</Filter>
    </ClCompile>
    <ClCompile Include="d3xp\menus\MenuScreen_PDA_VideoDisks.cpp">
      <Filter>Menus</Filter>
    </ClCompile>
    <ClCompile Include="d3xp\menus\MenuWidget.cpp">
      <Filter>Menus</Filter>
    </ClCompile>
    <ClCompile Include="d3xp\menus\MenuWidget_Button.cpp">
      <Filter>Menus</Filter>
    </ClCompile>
    <ClCompile Include="d3xp\menus\MenuWidget_CommandBar.cpp">
      <Filter>Menus</Filter>
    </ClCompile>
    <ClCompile Include="d3xp\menus\MenuWidget_Help.cpp">
      <Filter>Menus</Filter>
    </ClCompile>
    <ClCompile Include="d3xp\menus\MenuWidget_List.cpp">
      <Filter>Menus</Filter>
    </ClCompile>
    <ClCompile Include="d3xp\menus\MenuWidget_DynamicList.cpp">
      <Filter>Menus</Filter>
    </ClCompile>
    <ClCompile Include="d3xp\menus\MenuWidget_PDA_UserData.cpp">
      <Filter>Menus</Filter>
    </ClCompile>
    <ClCompile Include="d3xp\menus\MenuWidget_Scrollbar.cpp">
      <Filter>Menus</Filter>
    </ClCompile>
    <ClCompile Include="d3xp\menus\MenuWidget_NavBar.cpp">
      <Filter>Menus</Filter>
    </ClCompile>
    <ClCompile Include="d3xp\menus\MenuWidget_NavButton.cpp">
      <Filter>Menus</Filter>
    </ClCompile>
    <ClCompile Include="d3xp\menus\MenuWidget_PDA_Objective.cpp">
      <Filter>Menus</Filter>
    </ClCompile>
    <ClCompile Include="d3xp\menus\MenuWidget_PDA_AudioFiles.cpp">
      <Filter>Menus</Filter>
    </ClCompile>
    <ClCompile Include="d3xp\menus\MenuWidget_PDA_EmailInbox.cpp">
      <Filter>Menus</Filter>
    </ClCompile>
    <ClCompile Include="d3xp\menus\MenuWidget_InfoBox.cpp">
      <Filter>Menus</Filter>
    </ClCompile>
    <ClCompile Include="d3xp\menus\MenuWidget_PDA_VideoInfo.cpp">
      <Filter>Menus</Filter>
    </ClCompile>
    <ClCompile Include="d3xp\menus\MenuWidget_Carousel.cpp">
      <Filter>Menus</Filter>
    </ClCompile>
    <ClCompile Include="d3xp\menus\MenuWidget_ItemAssignment.cpp">
      <Filter>Menus</Filter>
    </ClCompile>
    <ClCompile Include="d3xp\menus\MenuScreen_Shell_PressStart.cpp">
      <Filter>Menus</Filter>
    </ClCompile>
    <ClCompile Include="d3xp\menus\MenuScreen_Shell_Root.cpp">
      <Filter>Menus</Filter>
    </ClCompile>
    <ClCompile Include="d3xp\menus\MenuScreen_Shell_Singleplayer.cpp">
      <Filter>Menus</Filter>
    </ClCompile>
    <ClCompile Include="d3xp\menus\MenuScreen_Shell_Settings.cpp">
      <Filter>Menus</Filter>
    </ClCompile>
    <ClCompile Include="d3xp\menus\MenuScreen_Shell_Load.cpp">
      <Filter>Menus</Filter>
    </ClCompile>
    <ClCompile Include="d3xp\menus\MenuWidget_Shell_SaveInfo.cpp">
      <Filter>Menus</Filter>
    </ClCompile>
    <ClCompile Include="d3xp\menus\MenuScreen_Shell_NewGame.cpp">
      <Filter>Menus</Filter>
    </ClCompile>
    <ClCompile Include="d3xp\menus\MenuScreen_Shell_GameOptions.cpp">
      <Filter>Menus</Filter>
    </ClCompile>
    <ClCompile Include="d3xp\menus\MenuScreen_Shell_SystemOptions.cpp">
      <Filter>Menus</Filter>
    </ClCompile>
    <ClCompile Include="d3xp\menus\MenuScreen_Shell_PartyLobby.cpp">
      <Filter>Menus</Filter>
    </ClCompile>
    <ClCompile Include="d3xp\menus\MenuScreen_Shell_GameLobby.cpp">
      <Filter>Menus</Filter>
    </ClCompile>
    <ClCompile Include="d3xp\menus\MenuScreen_Shell_Pause.cpp">
      <Filter>Menus</Filter>
    </ClCompile>
    <ClCompile Include="d3xp\menus\MenuScreen_Shell_Save.cpp">
      <Filter>Menus</Filter>
    </ClCompile>
    <ClCompile Include="d3xp\menus\MenuScreen_Shell_Stereoscopics.cpp">
      <Filter>Menus</Filter>
    </ClCompile>
    <ClCompile Include="d3xp\precompiled.cpp" />
    <ClCompile Include="d3xp\menus\MenuScreen_Shell_ControllerLayout.cpp">
      <Filter>Menus</Filter>
    </ClCompile>
    <ClCompile Include="d3xp\menus\MenuWidget_MenuBar.cpp">
      <Filter>Menus</Filter>
    </ClCompile>
    <ClCompile Include="d3xp\menus\MenuScreen_Shell_Controls.cpp">
      <Filter>Menus</Filter>
    </ClCompile>
    <ClCompile Include="d3xp\menus\MenuScreen_Shell_Dev.cpp">
      <Filter>Menus</Filter>
    </ClCompile>
    <ClCompile Include="d3xp\menus\MenuScreen_HUD.cpp">
      <Filter>Menus</Filter>
    </ClCompile>
    <ClCompile Include="d3xp\menus\MenuHandler_HUD.cpp">
      <Filter>Menus</Filter>
    </ClCompile>
    <ClCompile Include="d3xp\menus\MenuScreen_Shell_Bindings.cpp">
      <Filter>Menus</Filter>
    </ClCompile>
    <ClCompile Include="d3xp\menus\MenuWidget_LobbyList.cpp">
      <Filter>Menus</Filter>
    </ClCompile>
    <ClCompile Include="d3xp\menus\MenuHandler_Scoreboard.cpp">
      <Filter>Menus</Filter>
    </ClCompile>
    <ClCompile Include="d3xp\menus\MenuScreen_Scoreboard.cpp">
      <Filter>Menus</Filter>
    </ClCompile>
    <ClCompile Include="d3xp\menus\MenuScreen_Shell_Browser.cpp">
      <Filter>Menus</Filter>
    </ClCompile>
    <ClCompile Include="d3xp\menus\MenuScreen_Shell_Difficulty.cpp">
      <Filter>Menus</Filter>
    </ClCompile>
    <ClCompile Include="d3xp\menus\MenuScreen_Shell_Gamepad.cpp">
      <Filter>Menus</Filter>
    </ClCompile>
    <ClCompile Include="d3xp\menus\MenuScreen_Shell_Leaderboards.cpp">
      <Filter>Menus</Filter>
    </ClCompile>
    <ClCompile Include="d3xp\menus\MenuScreen_Shell_MatchSettings.cpp">
      <Filter>Menus</Filter>
    </ClCompile>
    <ClCompile Include="d3xp\menus\MenuScreen_Shell_ModeSelect.cpp">
      <Filter>Menus</Filter>
    </ClCompile>
    <ClCompile Include="d3xp\menus\MenuScreen_Shell_Playstation.cpp">
      <Filter>Menus</Filter>
    </ClCompile>
    <ClCompile Include="d3xp\menus\MenuScreen_Shell_Resolution.cpp">
      <Filter>Menus</Filter>
    </ClCompile>
    <ClCompile Include="d3xp\menus\MenuScreen_Shell_Credits.cpp">
      <Filter>Menus</Filter>
    </ClCompile>
  </ItemGroup>
  <ItemGroup>
    <ClInclude Include="d3xp\ai\AAS.h">
      <Filter>AI</Filter>
    </ClInclude>
    <ClInclude Include="d3xp\ai\AAS_local.h">
      <Filter>AI</Filter>
    </ClInclude>
    <ClInclude Include="d3xp\ai\AI.h">
      <Filter>AI</Filter>
    </ClInclude>
    <ClInclude Include="d3xp\anim\Anim.h">
      <Filter>Animation</Filter>
    </ClInclude>
    <ClInclude Include="d3xp\anim\Anim_Testmodel.h">
      <Filter>Animation</Filter>
    </ClInclude>
    <ClInclude Include="d3xp\gamesys\Class.h">
      <Filter>GameSys</Filter>
    </ClInclude>
    <ClInclude Include="d3xp\gamesys\Event.h">
      <Filter>GameSys</Filter>
    </ClInclude>
    <ClInclude Include="d3xp\gamesys\SaveGame.h">
      <Filter>GameSys</Filter>
    </ClInclude>
    <ClInclude Include="d3xp\gamesys\SysCmds.h">
      <Filter>GameSys</Filter>
    </ClInclude>
    <ClInclude Include="d3xp\gamesys\SysCvar.h">
      <Filter>GameSys</Filter>
    </ClInclude>
    <ClInclude Include="d3xp\physics\Clip.h">
      <Filter>Physics</Filter>
    </ClInclude>
    <ClInclude Include="d3xp\physics\Force.h">
      <Filter>Physics</Filter>
    </ClInclude>
    <ClInclude Include="d3xp\physics\Force_Constant.h">
      <Filter>Physics</Filter>
    </ClInclude>
    <ClInclude Include="d3xp\physics\Force_Drag.h">
      <Filter>Physics</Filter>
    </ClInclude>
    <ClInclude Include="d3xp\physics\Force_Field.h">
      <Filter>Physics</Filter>
    </ClInclude>
    <ClInclude Include="d3xp\physics\Force_Grab.h">
      <Filter>Physics</Filter>
    </ClInclude>
    <ClInclude Include="d3xp\physics\Force_Spring.h">
      <Filter>Physics</Filter>
    </ClInclude>
    <ClInclude Include="d3xp\physics\Physics.h">
      <Filter>Physics</Filter>
    </ClInclude>
    <ClInclude Include="d3xp\physics\Physics_Actor.h">
      <Filter>Physics</Filter>
    </ClInclude>
    <ClInclude Include="d3xp\physics\Physics_AF.h">
      <Filter>Physics</Filter>
    </ClInclude>
    <ClInclude Include="d3xp\physics\Physics_Base.h">
      <Filter>Physics</Filter>
    </ClInclude>
    <ClInclude Include="d3xp\physics\Physics_Monster.h">
      <Filter>Physics</Filter>
    </ClInclude>
    <ClInclude Include="d3xp\physics\Physics_Parametric.h">
      <Filter>Physics</Filter>
    </ClInclude>
    <ClInclude Include="d3xp\physics\Physics_Player.h">
      <Filter>Physics</Filter>
    </ClInclude>
    <ClInclude Include="d3xp\physics\Physics_RigidBody.h">
      <Filter>Physics</Filter>
    </ClInclude>
    <ClInclude Include="d3xp\physics\Physics_Static.h">
      <Filter>Physics</Filter>
    </ClInclude>
    <ClInclude Include="d3xp\physics\Physics_StaticMulti.h">
      <Filter>Physics</Filter>
    </ClInclude>
    <ClInclude Include="d3xp\physics\Push.h">
      <Filter>Physics</Filter>
    </ClInclude>
    <ClInclude Include="d3xp\script\Script_Compiler.h">
      <Filter>Script</Filter>
    </ClInclude>
    <ClInclude Include="d3xp\script\Script_Interpreter.h">
      <Filter>Script</Filter>
    </ClInclude>
    <ClInclude Include="d3xp\script\Script_Program.h">
      <Filter>Script</Filter>
    </ClInclude>
    <ClInclude Include="d3xp\script\Script_Thread.h">
      <Filter>Script</Filter>
    </ClInclude>
    <ClInclude Include="d3xp\Actor.h" />
    <ClInclude Include="d3xp\AF.h" />
    <ClInclude Include="d3xp\AFEntity.h" />
    <ClInclude Include="d3xp\BrittleFracture.h" />
    <ClInclude Include="d3xp\Camera.h" />
    <ClInclude Include="d3xp\Entity.h" />
    <ClInclude Include="d3xp\Fx.h" />
    <ClInclude Include="d3xp\Game.h" />
    <ClInclude Include="d3xp\Game_local.h" />
    <ClInclude Include="d3xp\GameEdit.h" />
    <ClInclude Include="d3xp\Grabber.h" />
    <ClInclude Include="d3xp\IK.h" />
    <ClInclude Include="d3xp\Item.h" />
    <ClInclude Include="d3xp\Light.h" />
    <ClInclude Include="d3xp\Misc.h" />
    <ClInclude Include="d3xp\Moveable.h" />
    <ClInclude Include="d3xp\Mover.h" />
    <ClInclude Include="d3xp\MultiplayerGame.h" />
    <ClInclude Include="d3xp\Player.h" />
    <ClInclude Include="d3xp\PlayerIcon.h" />
    <ClInclude Include="d3xp\PlayerView.h" />
    <ClInclude Include="d3xp\Projectile.h" />
    <ClInclude Include="d3xp\Pvs.h" />
    <ClInclude Include="d3xp\SecurityCamera.h" />
    <ClInclude Include="d3xp\SmokeParticles.h" />
    <ClInclude Include="d3xp\Sound.h" />
    <ClInclude Include="d3xp\Target.h" />
    <ClInclude Include="d3xp\Trigger.h" />
    <ClInclude Include="d3xp\Weapon.h" />
    <ClInclude Include="d3xp\WorldSpawn.h" />
    <ClInclude Include="d3xp\Achievements.h" />
    <ClInclude Include="d3xp\AimAssist.h" />
    <ClInclude Include="d3xp\Leaderboards.h" />
    <ClInclude Include="d3xp\menus\MenuHandler.h">
      <Filter>Menus</Filter>
    </ClInclude>
    <ClInclude Include="d3xp\menus\MenuScreen.h">
      <Filter>Menus</Filter>
    </ClInclude>
    <ClInclude Include="d3xp\menus\MenuWidget.h">
      <Filter>Menus</Filter>
    </ClInclude>
    <ClInclude Include="d3xp\PredictedValue.h" />
    <ClInclude Include="d3xp\PredictedValue_impl.h" />
  </ItemGroup>
  <ItemGroup>
    <None Include="d3xp\Game.def" />
  </ItemGroup>
</Project>