<?xml version="1.0" encoding="utf-8"?>
<Project ToolsVersion="4.0" xmlns="http://schemas.microsoft.com/developer/msbuild/2003">
  <ItemGroup>
    <ClInclude Include="tables.h" />
    <ClInclude Include="timidity.h" />
    <ClInclude Include="common.h" />
    <ClInclude Include="config.h" />
    <ClInclude Include="controls.h" />
    <ClInclude Include="filter.h" />
    <ClInclude Include="instrum.h" />
    <ClInclude Include="mix.h" />
    <ClInclude Include="output.h" />
    <ClInclude Include="playmidi.h" />
    <ClInclude Include="readmidi.h" />
    <ClInclude Include="resample.h" />
    <ClInclude Include="structs.h" />
  </ItemGroup>
  <ItemGroup>
    <ClCompile Include="timidity.cpp" />
    <ClCompile Include="common.cpp" />
    <ClCompile Include="controls.cpp" />
    <ClCompile Include="filter.cpp" />
    <ClCompile Include="instrum.cpp" />
    <ClCompile Include="mix.cpp" />
    <ClCompile Include="output.cpp" />
    <ClCompile Include="playmidi.cpp" />
    <ClCompile Include="readmidi.cpp" />
    <ClCompile Include="resample.cpp" />
    <ClCompile Include="sdl_a.cpp" />
    <ClCompile Include="sdl_c.cpp" />
    <ClCompile Include="tables.cpp" />
  </ItemGroup>
</Project>